
Microsoft Visual Studio Solution File, Format Version 12.00
# Visual Studio Version 16
VisualStudioVersion = 16.0.30204.135
MinimumVisualStudioVersion = 10.0.40219.1
Project("{9A19103F-16F7-4668-BE54-9A1E7A4F7556}") = "BlazorWasmDemo.Client", "Client\BlazorWasmDemo.Client.csproj", "{1B8B71FD-4D26-417B-9A3A-DE9E0A02D7C9}"
EndProject
Project("{9A19103F-16F7-4668-BE54-9A1E7A4F7556}") = "BlazorWasmDemo.Grpc", "Server\BlazorWasmDemo.Grpc.csproj", "{0FBB8BE2-38C7-4CCB-B9A0-E268ECCBB518}"
EndProject
Global
	GlobalSection(SolutionConfigurationPlatforms) = preSolution
		Debug|Any CPU = Debug|Any CPU
		Release|Any CPU = Release|Any CPU
	EndGlobalSection
	GlobalSection(ProjectConfigurationPlatforms) = postSolution
		{1B8B71FD-4D26-417B-9A3A-DE9E0A02D7C9}.Debug|Any CPU.ActiveCfg = Debug|Any CPU
		{1B8B71FD-4D26-417B-9A3A-DE9E0A02D7C9}.Debug|Any CPU.Build.0 = Debug|Any CPU
		{1B8B71FD-4D26-417B-9A3A-DE9E0A02D7C9}.Release|Any CPU.ActiveCfg = Release|Any CPU
		{1B8B71FD-4D26-417B-9A3A-DE9E0A02D7C9}.Release|Any CPU.Build.0 = Release|Any CPU
		{0FBB8BE2-38C7-4CCB-B9A0-E268ECCBB518}.Debug|Any CPU.ActiveCfg = Debug|Any CPU
		{0FBB8BE2-38C7-4CCB-B9A0-E268ECCBB518}.Debug|Any CPU.Build.0 = Debug|Any CPU
		{0FBB8BE2-38C7-4CCB-B9A0-E268ECCBB518}.Release|Any CPU.ActiveCfg = Release|Any CPU
		{0FBB8BE2-38C7-4CCB-B9A0-E268ECCBB518}.Release|Any CPU.Build.0 = Release|Any CPU
	EndGlobalSection
	GlobalSection(SolutionProperties) = preSolution
		HideSolutionNode = FALSE
	EndGlobalSection
	GlobalSection(ExtensibilityGlobals) = postSolution
		SolutionGuid = {C070C4AD-9470-40F7-B4B7-374CE7404CD8}
	EndGlobalSection
EndGlobal
